
Microsoft Visual Studio Solution File, Format Version 12.00
# Visual Studio Version 16
VisualStudioVersion = 16.0.30517.126
MinimumVisualStudioVersion = 10.0.40219.1
Project("{FAE04EC0-301F-11D3-BF4B-00C04F79EFBC}") = "CykelTcp", "CykelTcp\CykelTcp.csproj", "{B4283747-EED4-4FA8-87BF-92E5DEFDC3DD}"
EndProject
Project("{FAE04EC0-301F-11D3-BF4B-00C04F79EFBC}") = "CykelLib", "CykelLib\CykelLib.csproj", "{AFC7AA95-F134-457A-88B7-5225C42C19AD}"
EndProject
Project("{FAE04EC0-301F-11D3-BF4B-00C04F79EFBC}") = "CykelClient", "CykelClient\CykelClient.csproj", "{D97B99F9-35F8-477E-B7BF-C8BE1FCCEA81}"
EndProject
Global
	GlobalSection(SolutionConfigurationPlatforms) = preSolution
		Debug|Any CPU = Debug|Any CPU
		Release|Any CPU = Release|Any CPU
	EndGlobalSection
	GlobalSection(ProjectConfigurationPlatforms) = postSolution
		{B4283747-EED4-4FA8-87BF-92E5DEFDC3DD}.Debug|Any CPU.ActiveCfg = Debug|Any CPU
		{B4283747-EED4-4FA8-87BF-92E5DEFDC3DD}.Debug|Any CPU.Build.0 = Debug|Any CPU
		{B4283747-EED4-4FA8-87BF-92E5DEFDC3DD}.Release|Any CPU.ActiveCfg = Release|Any CPU
		{B4283747-EED4-4FA8-87BF-92E5DEFDC3DD}.Release|Any CPU.Build.0 = Release|Any CPU
		{AFC7AA95-F134-457A-88B7-5225C42C19AD}.Debug|Any CPU.ActiveCfg = Debug|Any CPU
		{AFC7AA95-F134-457A-88B7-5225C42C19AD}.Debug|Any CPU.Build.0 = Debug|Any CPU
		{AFC7AA95-F134-457A-88B7-5225C42C19AD}.Release|Any CPU.ActiveCfg = Release|Any CPU
		{AFC7AA95-F134-457A-88B7-5225C42C19AD}.Release|Any CPU.Build.0 = Release|Any CPU
		{D97B99F9-35F8-477E-B7BF-C8BE1FCCEA81}.Debug|Any CPU.ActiveCfg = Debug|Any CPU
		{D97B99F9-35F8-477E-B7BF-C8BE1FCCEA81}.Debug|Any CPU.Build.0 = Debug|Any CPU
		{D97B99F9-35F8-477E-B7BF-C8BE1FCCEA81}.Release|Any CPU.ActiveCfg = Release|Any CPU
		{D97B99F9-35F8-477E-B7BF-C8BE1FCCEA81}.Release|Any CPU.Build.0 = Release|Any CPU
	EndGlobalSection
	GlobalSection(SolutionProperties) = preSolution
		HideSolutionNode = FALSE
	EndGlobalSection
	GlobalSection(ExtensibilityGlobals) = postSolution
		SolutionGuid = {945532D5-762D-4C77-B9DB-7C70F497236E}
	EndGlobalSection
EndGlobal
